
Microsoft Visual Studio Solution File, Format Version 12.00
# Visual Studio Version 17
VisualStudioVersion = 17.6.33829.357
MinimumVisualStudioVersion = 10.0.40219.1
Project("{FAE04EC0-301F-11D3-BF4B-00C04F79EFBC}") = "TodoApi", "TodoApi\TodoApi.csproj", "{4529E948-AA7A-4723-8824-BCDE63E17B43}"
EndProject
Global
	GlobalSection(SolutionConfigurationPlatforms) = preSolution
		Debug|Any CPU = Debug|Any CPU
		Release|Any CPU = Release|Any CPU
	EndGlobalSection
	GlobalSection(ProjectConfigurationPlatforms) = postSolution
		{4529E948-AA7A-4723-8824-BCDE63E17B43}.Debug|Any CPU.ActiveCfg = Debug|Any CPU
		{4529E948-AA7A-4723-8824-BCDE63E17B43}.Debug|Any CPU.Build.0 = Debug|Any CPU
		{4529E948-AA7A-4723-8824-BCDE63E17B43}.Release|Any CPU.ActiveCfg = Release|Any CPU
		{4529E948-AA7A-4723-8824-BCDE63E17B43}.Release|Any CPU.Build.0 = Release|Any CPU
	EndGlobalSection
	GlobalSection(SolutionProperties) = preSolution
		HideSolutionNode = FALSE
	EndGlobalSection
	GlobalSection(ExtensibilityGlobals) = postSolution
		SolutionGuid = {95F04E1E-F595-42F1-8438-B2AE0D8113DE}
	EndGlobalSection
EndGlobal
