
Microsoft Visual Studio Solution File, Format Version 12.00
# Visual Studio Version 17
VisualStudioVersion = 17.4.33213.308
MinimumVisualStudioVersion = 10.0.40219.1
Project("{FAE04EC0-301F-11D3-BF4B-00C04F79EFBC}") = "ODataBookStore", "ODataBookStore\ODataBookStore.csproj", "{DF9300BD-EB73-489B-A5A7-C59BF9567611}"
EndProject
Project("{FAE04EC0-301F-11D3-BF4B-00C04F79EFBC}") = "ODataBookStoreWebClient", "ODataBookStoreWebClient\ODataBookStoreWebClient.csproj", "{A5FDAA62-8B18-4EF9-8922-9FEE40257698}"
EndProject
Project("{FAE04EC0-301F-11D3-BF4B-00C04F79EFBC}") = "Entity", "Entity\Entity.csproj", "{12A8588A-DA64-47D0-808A-68585C871A98}"
EndProject
Global
	GlobalSection(SolutionConfigurationPlatforms) = preSolution
		Debug|Any CPU = Debug|Any CPU
		Release|Any CPU = Release|Any CPU
	EndGlobalSection
	GlobalSection(ProjectConfigurationPlatforms) = postSolution
		{DF9300BD-EB73-489B-A5A7-C59BF9567611}.Debug|Any CPU.ActiveCfg = Debug|Any CPU
		{DF9300BD-EB73-489B-A5A7-C59BF9567611}.Debug|Any CPU.Build.0 = Debug|Any CPU
		{DF9300BD-EB73-489B-A5A7-C59BF9567611}.Release|Any CPU.ActiveCfg = Release|Any CPU
		{DF9300BD-EB73-489B-A5A7-C59BF9567611}.Release|Any CPU.Build.0 = Release|Any CPU
		{A5FDAA62-8B18-4EF9-8922-9FEE40257698}.Debug|Any CPU.ActiveCfg = Debug|Any CPU
		{A5FDAA62-8B18-4EF9-8922-9FEE40257698}.Debug|Any CPU.Build.0 = Debug|Any CPU
		{A5FDAA62-8B18-4EF9-8922-9FEE40257698}.Release|Any CPU.ActiveCfg = Release|Any CPU
		{A5FDAA62-8B18-4EF9-8922-9FEE40257698}.Release|Any CPU.Build.0 = Release|Any CPU
		{12A8588A-DA64-47D0-808A-68585C871A98}.Debug|Any CPU.ActiveCfg = Debug|Any CPU
		{12A8588A-DA64-47D0-808A-68585C871A98}.Debug|Any CPU.Build.0 = Debug|Any CPU
		{12A8588A-DA64-47D0-808A-68585C871A98}.Release|Any CPU.ActiveCfg = Release|Any CPU
		{12A8588A-DA64-47D0-808A-68585C871A98}.Release|Any CPU.Build.0 = Release|Any CPU
	EndGlobalSection
	GlobalSection(SolutionProperties) = preSolution
		HideSolutionNode = FALSE
	EndGlobalSection
	GlobalSection(ExtensibilityGlobals) = postSolution
		SolutionGuid = {2F6C369A-4D84-4D5B-AAB2-A9F2477C0503}
	EndGlobalSection
EndGlobal
