
Microsoft Visual Studio Solution File, Format Version 12.00
# Visual Studio Version 17
VisualStudioVersion = 17.7.34003.232
MinimumVisualStudioVersion = 10.0.40219.1
Project("{FAE04EC0-301F-11D3-BF4B-00C04F79EFBC}") = "CourseAPI", "CourseAPI\CourseAPI.csproj", "{EE8D4307-664E-42EB-93F9-1E5531ED20B4}"
EndProject
Global
	GlobalSection(SolutionConfigurationPlatforms) = preSolution
		Debug|Any CPU = Debug|Any CPU
		Release|Any CPU = Release|Any CPU
	EndGlobalSection
	GlobalSection(ProjectConfigurationPlatforms) = postSolution
		{EE8D4307-664E-42EB-93F9-1E5531ED20B4}.Debug|Any CPU.ActiveCfg = Debug|Any CPU
		{EE8D4307-664E-42EB-93F9-1E5531ED20B4}.Debug|Any CPU.Build.0 = Debug|Any CPU
		{EE8D4307-664E-42EB-93F9-1E5531ED20B4}.Release|Any CPU.ActiveCfg = Release|Any CPU
		{EE8D4307-664E-42EB-93F9-1E5531ED20B4}.Release|Any CPU.Build.0 = Release|Any CPU
	EndGlobalSection
	GlobalSection(SolutionProperties) = preSolution
		HideSolutionNode = FALSE
	EndGlobalSection
	GlobalSection(ExtensibilityGlobals) = postSolution
		SolutionGuid = {A0CB441B-C42B-40FD-BF54-4B20C07124F7}
	EndGlobalSection
EndGlobal
