
Microsoft Visual Studio Solution File, Format Version 12.00
# Visual Studio Version 17
VisualStudioVersion = 17.7.34003.232
MinimumVisualStudioVersion = 10.0.40219.1
Project("{FAE04EC0-301F-11D3-BF4B-00C04F79EFBC}") = "CmsAPI", "CmsAPI\CmsAPI.csproj", "{877CBB7B-6F63-47F4-B762-87AAAD17E25D}"
EndProject
Project("{FAE04EC0-301F-11D3-BF4B-00C04F79EFBC}") = "CmsProjectClient", "CmsProjectClient\CmsProjectClient.csproj", "{AD4BF98F-F4BF-4299-92A2-93867E0AF957}"
EndProject
Global
	GlobalSection(SolutionConfigurationPlatforms) = preSolution
		Debug|Any CPU = Debug|Any CPU
		Release|Any CPU = Release|Any CPU
	EndGlobalSection
	GlobalSection(ProjectConfigurationPlatforms) = postSolution
		{877CBB7B-6F63-47F4-B762-87AAAD17E25D}.Debug|Any CPU.ActiveCfg = Debug|Any CPU
		{877CBB7B-6F63-47F4-B762-87AAAD17E25D}.Debug|Any CPU.Build.0 = Debug|Any CPU
		{877CBB7B-6F63-47F4-B762-87AAAD17E25D}.Release|Any CPU.ActiveCfg = Release|Any CPU
		{877CBB7B-6F63-47F4-B762-87AAAD17E25D}.Release|Any CPU.Build.0 = Release|Any CPU
		{AD4BF98F-F4BF-4299-92A2-93867E0AF957}.Debug|Any CPU.ActiveCfg = Debug|Any CPU
		{AD4BF98F-F4BF-4299-92A2-93867E0AF957}.Debug|Any CPU.Build.0 = Debug|Any CPU
		{AD4BF98F-F4BF-4299-92A2-93867E0AF957}.Release|Any CPU.ActiveCfg = Release|Any CPU
		{AD4BF98F-F4BF-4299-92A2-93867E0AF957}.Release|Any CPU.Build.0 = Release|Any CPU
	EndGlobalSection
	GlobalSection(SolutionProperties) = preSolution
		HideSolutionNode = FALSE
	EndGlobalSection
	GlobalSection(ExtensibilityGlobals) = postSolution
		SolutionGuid = {77A07D6D-0872-4780-B775-6266202DE543}
	EndGlobalSection
EndGlobal
