
Microsoft Visual Studio Solution File, Format Version 12.00
# Visual Studio Version 17
VisualStudioVersion = 17.4.33213.308
MinimumVisualStudioVersion = 10.0.40219.1
Project("{FAE04EC0-301F-11D3-BF4B-00C04F79EFBC}") = "BusinessObjects", "BusinessObjects\BusinessObjects.csproj", "{FA975ACE-52F6-4BCC-B8CD-12C0F4DD7E93}"
EndProject
Project("{FAE04EC0-301F-11D3-BF4B-00C04F79EFBC}") = "Repositories", "Repositories\Repositories.csproj", "{5A3D00B3-8663-42D9-B3A5-CC7814F6383F}"
EndProject
Project("{FAE04EC0-301F-11D3-BF4B-00C04F79EFBC}") = "DataAccess", "DataAccess\DataAccess.csproj", "{CAA43780-16F7-41EC-ACFB-D036DE1D6367}"
EndProject
Project("{FAE04EC0-301F-11D3-BF4B-00C04F79EFBC}") = "ProjectManagementAPI", "ProjectManagementAPI\ProjectManagementAPI.csproj", "{4767FD57-BC79-4495-ABDC-93401A6EA792}"
EndProject
Project("{FAE04EC0-301F-11D3-BF4B-00C04F79EFBC}") = "IdentityAjaxClient", "IdentityAjaxClient\IdentityAjaxClient.csproj", "{77E05010-B5CF-4E46-98A9-413E30330525}"
EndProject
Global
	GlobalSection(SolutionConfigurationPlatforms) = preSolution
		Debug|Any CPU = Debug|Any CPU
		Release|Any CPU = Release|Any CPU
	EndGlobalSection
	GlobalSection(ProjectConfigurationPlatforms) = postSolution
		{FA975ACE-52F6-4BCC-B8CD-12C0F4DD7E93}.Debug|Any CPU.ActiveCfg = Debug|Any CPU
		{FA975ACE-52F6-4BCC-B8CD-12C0F4DD7E93}.Debug|Any CPU.Build.0 = Debug|Any CPU
		{FA975ACE-52F6-4BCC-B8CD-12C0F4DD7E93}.Release|Any CPU.ActiveCfg = Release|Any CPU
		{FA975ACE-52F6-4BCC-B8CD-12C0F4DD7E93}.Release|Any CPU.Build.0 = Release|Any CPU
		{5A3D00B3-8663-42D9-B3A5-CC7814F6383F}.Debug|Any CPU.ActiveCfg = Debug|Any CPU
		{5A3D00B3-8663-42D9-B3A5-CC7814F6383F}.Debug|Any CPU.Build.0 = Debug|Any CPU
		{5A3D00B3-8663-42D9-B3A5-CC7814F6383F}.Release|Any CPU.ActiveCfg = Release|Any CPU
		{5A3D00B3-8663-42D9-B3A5-CC7814F6383F}.Release|Any CPU.Build.0 = Release|Any CPU
		{CAA43780-16F7-41EC-ACFB-D036DE1D6367}.Debug|Any CPU.ActiveCfg = Debug|Any CPU
		{CAA43780-16F7-41EC-ACFB-D036DE1D6367}.Debug|Any CPU.Build.0 = Debug|Any CPU
		{CAA43780-16F7-41EC-ACFB-D036DE1D6367}.Release|Any CPU.ActiveCfg = Release|Any CPU
		{CAA43780-16F7-41EC-ACFB-D036DE1D6367}.Release|Any CPU.Build.0 = Release|Any CPU
		{4767FD57-BC79-4495-ABDC-93401A6EA792}.Debug|Any CPU.ActiveCfg = Debug|Any CPU
		{4767FD57-BC79-4495-ABDC-93401A6EA792}.Debug|Any CPU.Build.0 = Debug|Any CPU
		{4767FD57-BC79-4495-ABDC-93401A6EA792}.Release|Any CPU.ActiveCfg = Release|Any CPU
		{4767FD57-BC79-4495-ABDC-93401A6EA792}.Release|Any CPU.Build.0 = Release|Any CPU
		{77E05010-B5CF-4E46-98A9-413E30330525}.Debug|Any CPU.ActiveCfg = Debug|Any CPU
		{77E05010-B5CF-4E46-98A9-413E30330525}.Debug|Any CPU.Build.0 = Debug|Any CPU
		{77E05010-B5CF-4E46-98A9-413E30330525}.Release|Any CPU.ActiveCfg = Release|Any CPU
		{77E05010-B5CF-4E46-98A9-413E30330525}.Release|Any CPU.Build.0 = Release|Any CPU
	EndGlobalSection
	GlobalSection(SolutionProperties) = preSolution
		HideSolutionNode = FALSE
	EndGlobalSection
	GlobalSection(ExtensibilityGlobals) = postSolution
		SolutionGuid = {4408A41F-82D8-4160-AAEF-30BAFE3C94D4}
	EndGlobalSection
EndGlobal
